
Microsoft Visual Studio Solution File, Format Version 12.00
# Visual Studio Version 16
VisualStudioVersion = 16.0.30002.166
MinimumVisualStudioVersion = 10.0.40219.1
Project("{FAE04EC0-301F-11D3-BF4B-00C04F79EFBC}") = "WebSocketChat", "WebSocketChat\WebSocketChat.csproj", "{7320E15F-EE94-4849-BCFB-6FE48B0597FE}"
EndProject
Global
	GlobalSection(SolutionConfigurationPlatforms) = preSolution
		Debug|Any CPU = Debug|Any CPU
		Release|Any CPU = Release|Any CPU
	EndGlobalSection
	GlobalSection(ProjectConfigurationPlatforms) = postSolution
		{7320E15F-EE94-4849-BCFB-6FE48B0597FE}.Debug|Any CPU.ActiveCfg = Debug|Any CPU
		{7320E15F-EE94-4849-BCFB-6FE48B0597FE}.Debug|Any CPU.Build.0 = Debug|Any CPU
		{7320E15F-EE94-4849-BCFB-6FE48B0597FE}.Release|Any CPU.ActiveCfg = Release|Any CPU
		{7320E15F-EE94-4849-BCFB-6FE48B0597FE}.Release|Any CPU.Build.0 = Release|Any CPU
	EndGlobalSection
	GlobalSection(SolutionProperties) = preSolution
		HideSolutionNode = FALSE
	EndGlobalSection
	GlobalSection(ExtensibilityGlobals) = postSolution
		SolutionGuid = {5AA05F5A-D2E8-4FAC-BE12-D9A78BA47A3E}
	EndGlobalSection
EndGlobal
